
Microsoft Visual Studio Solution File, Format Version 12.00
# Visual Studio Version 17
VisualStudioVersion = 17.5.33530.505
MinimumVisualStudioVersion = 10.0.40219.1
Project("{9A19103F-16F7-4668-BE54-9A1E7A4F7556}") = "ProductMicroservice", "ProductMicroservice\ProductMicroservice.csproj", "{14A5ADA3-4687-43E0-9BEC-4809943D23C1}"
EndProject
Project("{E53339B2-1760-4266-BCC7-CA923CBCF16C}") = "docker-compose", "docker-compose.dcproj", "{35DF443F-0A26-4BFB-8CFE-FE4325D7BD9D}"
EndProject
Global
	GlobalSection(SolutionConfigurationPlatforms) = preSolution
		Debug|Any CPU = Debug|Any CPU
		Release|Any CPU = Release|Any CPU
	EndGlobalSection
	GlobalSection(ProjectConfigurationPlatforms) = postSolution
		{14A5ADA3-4687-43E0-9BEC-4809943D23C1}.Debug|Any CPU.ActiveCfg = Debug|Any CPU
		{14A5ADA3-4687-43E0-9BEC-4809943D23C1}.Debug|Any CPU.Build.0 = Debug|Any CPU
		{14A5ADA3-4687-43E0-9BEC-4809943D23C1}.Release|Any CPU.ActiveCfg = Release|Any CPU
		{14A5ADA3-4687-43E0-9BEC-4809943D23C1}.Release|Any CPU.Build.0 = Release|Any CPU
		{35DF443F-0A26-4BFB-8CFE-FE4325D7BD9D}.Debug|Any CPU.ActiveCfg = Debug|Any CPU
		{35DF443F-0A26-4BFB-8CFE-FE4325D7BD9D}.Debug|Any CPU.Build.0 = Debug|Any CPU
		{35DF443F-0A26-4BFB-8CFE-FE4325D7BD9D}.Release|Any CPU.ActiveCfg = Release|Any CPU
		{35DF443F-0A26-4BFB-8CFE-FE4325D7BD9D}.Release|Any CPU.Build.0 = Release|Any CPU
	EndGlobalSection
	GlobalSection(SolutionProperties) = preSolution
		HideSolutionNode = FALSE
	EndGlobalSection
	GlobalSection(ExtensibilityGlobals) = postSolution
		SolutionGuid = {24C86F5A-7902-450F-83A0-DC0D49E59455}
	EndGlobalSection
EndGlobal
